// !$*UTF8*$!
{
	archiveVersion = 1;
	classes = {
	};
	objectVersion = 55;
	objects = {

/* Begin PBXBuildFile section */
		9B725E81287E8B0D00A3129D /* Facewash WatchKit App.app in Embed Watch Content */ = {isa = PBXBuildFile; fileRef = 9B725E80287E8B0D00A3129D /* Facewash WatchKit App.app */; settings = {ATTRIBUTES = (RemoveHeadersOnCopy, ); }; };
		9B725E86287E8B1100A3129D /* Assets.xcassets in Resources */ = {isa = PBXBuildFile; fileRef = 9B725E85287E8B1100A3129D /* Assets.xcassets */; };
		9B725E8C287E8B1100A3129D /* Facewash WatchKit Extension.appex in Embed App Extensions */ = {isa = PBXBuildFile; fileRef = 9B725E8B287E8B1100A3129D /* Facewash WatchKit Extension.appex */; settings = {ATTRIBUTES = (RemoveHeadersOnCopy, ); }; };
		9B725E91287E8B1100A3129D /* FacewashApp.swift in Sources */ = {isa = PBXBuildFile; fileRef = 9B725E90287E8B1100A3129D /* FacewashApp.swift */; };
		9B725E93287E8B1100A3129D /* ContentView.swift in Sources */ = {isa = PBXBuildFile; fileRef = 9B725E92287E8B1100A3129D /* ContentView.swift */; };
		9B725E95287E8B1100A3129D /* NotificationController.swift in Sources */ = {isa = PBXBuildFile; fileRef = 9B725E94287E8B1100A3129D /* NotificationController.swift */; };
		9B725E97287E8B1100A3129D /* NotificationView.swift in Sources */ = {isa = PBXBuildFile; fileRef = 9B725E96287E8B1100A3129D /* NotificationView.swift */; };
		9B725E99287E8B1100A3129D /* ComplicationController.swift in Sources */ = {isa = PBXBuildFile; fileRef = 9B725E98287E8B1100A3129D /* ComplicationController.swift */; };
		9B725E9B287E8B1200A3129D /* Assets.xcassets in Resources */ = {isa = PBXBuildFile; fileRef = 9B725E9A287E8B1200A3129D /* Assets.xcassets */; };
		9B725E9E287E8B1200A3129D /* Preview Assets.xcassets in Resources */ = {isa = PBXBuildFile; fileRef = 9B725E9D287E8B1200A3129D /* Preview Assets.xcassets */; };
/* End PBXBuildFile section */

/* Begin PBXContainerItemProxy section */
		9B725E82287E8B0D00A3129D /* PBXContainerItemProxy */ = {
			isa = PBXContainerItemProxy;
			containerPortal = 9B725E76287E8B0D00A3129D /* Project object */;
			proxyType = 1;
			remoteGlobalIDString = 9B725E7F287E8B0D00A3129D;
			remoteInfo = "Facewash WatchKit App";
		};
		9B725E8D287E8B1100A3129D /* PBXContainerItemProxy */ = {
			isa = PBXContainerItemProxy;
			containerPortal = 9B725E76287E8B0D00A3129D /* Project object */;
			proxyType = 1;
			remoteGlobalIDString = 9B725E8A287E8B1100A3129D;
			remoteInfo = "Facewash WatchKit Extension";
		};
/* End PBXContainerItemProxy section */

/* Begin PBXCopyFilesBuildPhase section */
		9B725EA6287E8B1200A3129D /* Embed App Extensions */ = {
			isa = PBXCopyFilesBuildPhase;
			buildActionMask = 2147483647;
			dstPath = "";
			dstSubfolderSpec = 13;
			files = (
				9B725E8C287E8B1100A3129D /* Facewash WatchKit Extension.appex in Embed App Extensions */,
			);
			name = "Embed App Extensions";
			runOnlyForDeploymentPostprocessing = 0;
		};
		9B725EAA287E8B1200A3129D /* Embed Watch Content */ = {
			isa = PBXCopyFilesBuildPhase;
			buildActionMask = 2147483647;
			dstPath = "$(CONTENTS_FOLDER_PATH)/Watch";
			dstSubfolderSpec = 16;
			files = (
				9B725E81287E8B0D00A3129D /* Facewash WatchKit App.app in Embed Watch Content */,
			);
			name = "Embed Watch Content";
			runOnlyForDeploymentPostprocessing = 0;
		};
/* End PBXCopyFilesBuildPhase section */

/* Begin PBXFileReference section */
		9B725E7C287E8B0D00A3129D /* Facewash.app */ = {isa = PBXFileReference; explicitFileType = wrapper.application; includeInIndex = 0; path = Facewash.app; sourceTree = BUILT_PRODUCTS_DIR; };
		9B725E80287E8B0D00A3129D /* Facewash WatchKit App.app */ = {isa = PBXFileReference; explicitFileType = wrapper.application; includeInIndex = 0; path = "Facewash WatchKit App.app"; sourceTree = BUILT_PRODUCTS_DIR; };
		9B725E85287E8B1100A3129D /* Assets.xcassets */ = {isa = PBXFileReference; lastKnownFileType = folder.assetcatalog; path = Assets.xcassets; sourceTree = "<group>"; };
		9B725E8B287E8B1100A3129D /* Facewash WatchKit Extension.appex */ = {isa = PBXFileReference; explicitFileType = "wrapper.app-extension"; includeInIndex = 0; path = "Facewash WatchKit Extension.appex"; sourceTree = BUILT_PRODUCTS_DIR; };
		9B725E90287E8B1100A3129D /* FacewashApp.swift */ = {isa = PBXFileReference; lastKnownFileType = sourcecode.swift; path = FacewashApp.swift; sourceTree = "<group>"; };
		9B725E92287E8B1100A3129D /* ContentView.swift */ = {isa = PBXFileReference; lastKnownFileType = sourcecode.swift; path = ContentView.swift; sourceTree = "<group>"; };
		9B725E94287E8B1100A3129D /* NotificationController.swift */ = {isa = PBXFileReference; lastKnownFileType = sourcecode.swift; path = NotificationController.swift; sourceTree = "<group>"; };
		9B725E96287E8B1100A3129D /* NotificationView.swift */ = {isa = PBXFileReference; lastKnownFileType = sourcecode.swift; path = NotificationView.swift; sourceTree = "<group>"; };
		9B725E98287E8B1100A3129D /* ComplicationController.swift */ = {isa = PBXFileReference; lastKnownFileType = sourcecode.swift; path = ComplicationController.swift; sourceTree = "<group>"; };
		9B725E9A287E8B1200A3129D /* Assets.xcassets */ = {isa = PBXFileReference; lastKnownFileType = folder.assetcatalog; path = Assets.xcassets; sourceTree = "<group>"; };
		9B725E9D287E8B1200A3129D /* Preview Assets.xcassets */ = {isa = PBXFileReference; lastKnownFileType = folder.assetcatalog; path = "Preview Assets.xcassets"; sourceTree = "<group>"; };
		9B725E9F287E8B1200A3129D /* Info.plist */ = {isa = PBXFileReference; lastKnownFileType = text.plist.xml; path = Info.plist; sourceTree = "<group>"; };
		9B725EA0287E8B1200A3129D /* PushNotificationPayload.apns */ = {isa = PBXFileReference; lastKnownFileType = text; path = PushNotificationPayload.apns; sourceTree = "<group>"; };
/* End PBXFileReference section */

/* Begin PBXFrameworksBuildPhase section */
		9B725E88287E8B1100A3129D /* Frameworks */ = {
			isa = PBXFrameworksBuildPhase;
			buildActionMask = 2147483647;
			files = (
			);
			runOnlyForDeploymentPostprocessing = 0;
		};
/* End PBXFrameworksBuildPhase section */

/* Begin PBXGroup section */
		9B725E75287E8B0D00A3129D = {
			isa = PBXGroup;
			children = (
				9B725E84287E8B0D00A3129D /* Facewash WatchKit App */,
				9B725E8F287E8B1100A3129D /* Facewash WatchKit Extension */,
				9B725E7D287E8B0D00A3129D /* Products */,
			);
			sourceTree = "<group>";
		};
		9B725E7D287E8B0D00A3129D /* Products */ = {
			isa = PBXGroup;
			children = (
				9B725E7C287E8B0D00A3129D /* Facewash.app */,
				9B725E80287E8B0D00A3129D /* Facewash WatchKit App.app */,
				9B725E8B287E8B1100A3129D /* Facewash WatchKit Extension.appex */,
			);
			name = Products;
			sourceTree = "<group>";
		};
		9B725E84287E8B0D00A3129D /* Facewash WatchKit App */ = {
			isa = PBXGroup;
			children = (
				9B725E85287E8B1100A3129D /* Assets.xcassets */,
			);
			path = "Facewash WatchKit App";
			sourceTree = "<group>";
		};
		9B725E8F287E8B1100A3129D /* Facewash WatchKit Extension */ = {
			isa = PBXGroup;
			children = (
				9B725E90287E8B1100A3129D /* FacewashApp.swift */,
				9B725E92287E8B1100A3129D /* ContentView.swift */,
				9B725E94287E8B1100A3129D /* NotificationController.swift */,
				9B725E96287E8B1100A3129D /* NotificationView.swift */,
				9B725E98287E8B1100A3129D /* ComplicationController.swift */,
				9B725E9A287E8B1200A3129D /* Assets.xcassets */,
				9B725E9F287E8B1200A3129D /* Info.plist */,
				9B725EA0287E8B1200A3129D /* PushNotificationPayload.apns */,
				9B725E9C287E8B1200A3129D /* Preview Content */,
			);
			path = "Facewash WatchKit Extension";
			sourceTree = "<group>";
		};
		9B725E9C287E8B1200A3129D /* Preview Content */ = {
			isa = PBXGroup;
			children = (
				9B725E9D287E8B1200A3129D /* Preview Assets.xcassets */,
			);
			path = "Preview Content";
			sourceTree = "<group>";
		};
/* End PBXGroup section */

/* Begin PBXNativeTarget section */
		9B725E7B287E8B0D00A3129D /* Facewash */ = {
			isa = PBXNativeTarget;
			buildConfigurationList = 9B725EAB287E8B1200A3129D /* Build configuration list for PBXNativeTarget "Facewash" */;
			buildPhases = (
				9B725E7A287E8B0D00A3129D /* Resources */,
				9B725EAA287E8B1200A3129D /* Embed Watch Content */,
			);
			buildRules = (
			);
			dependencies = (
				9B725E83287E8B0D00A3129D /* PBXTargetDependency */,
			);
			name = Facewash;
			productName = Facewash;
			productReference = 9B725E7C287E8B0D00A3129D /* Facewash.app */;
			productType = "com.apple.product-type.application.watchapp2-container";
		};
		9B725E7F287E8B0D00A3129D /* Facewash WatchKit App */ = {
			isa = PBXNativeTarget;
			buildConfigurationList = 9B725EA7287E8B1200A3129D /* Build configuration list for PBXNativeTarget "Facewash WatchKit App" */;
			buildPhases = (
				9B725E7E287E8B0D00A3129D /* Resources */,
				9B725EA6287E8B1200A3129D /* Embed App Extensions */,
			);
			buildRules = (
			);
			dependencies = (
				9B725E8E287E8B1100A3129D /* PBXTargetDependency */,
			);
			name = "Facewash WatchKit App";
			productName = "Facewash WatchKit App";
			productReference = 9B725E80287E8B0D00A3129D /* Facewash WatchKit App.app */;
			productType = "com.apple.product-type.application.watchapp2";
		};
		9B725E8A287E8B1100A3129D /* Facewash WatchKit Extension */ = {
			isa = PBXNativeTarget;
			buildConfigurationList = 9B725EA3287E8B1200A3129D /* Build configuration list for PBXNativeTarget "Facewash WatchKit Extension" */;
			buildPhases = (
				9B725E87287E8B1100A3129D /* Sources */,
				9B725E88287E8B1100A3129D /* Frameworks */,
				9B725E89287E8B1100A3129D /* Resources */,
			);
			buildRules = (
			);
			dependencies = (
			);
			name = "Facewash WatchKit Extension";
			productName = "Facewash WatchKit Extension";
			productReference = 9B725E8B287E8B1100A3129D /* Facewash WatchKit Extension.appex */;
			productType = "com.apple.product-type.watchkit2-extension";
		};
/* End PBXNativeTarget section */

/* Begin PBXProject section */
		9B725E76287E8B0D00A3129D /* Project object */ = {
			isa = PBXProject;
			attributes = {
				BuildIndependentTargetsInParallel = 1;
				LastSwiftUpdateCheck = 1340;
				LastUpgradeCheck = 1340;
				TargetAttributes = {
					9B725E7B287E8B0D00A3129D = {
						CreatedOnToolsVersion = 13.4.1;
					};
					9B725E7F287E8B0D00A3129D = {
						CreatedOnToolsVersion = 13.4.1;
					};
					9B725E8A287E8B1100A3129D = {
						CreatedOnToolsVersion = 13.4.1;
					};
				};
			};
			buildConfigurationList = 9B725E79287E8B0D00A3129D /* Build configuration list for PBXProject "Facewash" */;
			compatibilityVersion = "Xcode 13.0";
			developmentRegion = en;
			hasScannedForEncodings = 0;
			knownRegions = (
				en,
				Base,
			);
			mainGroup = 9B725E75287E8B0D00A3129D;
			productRefGroup = 9B725E7D287E8B0D00A3129D /* Products */;
			projectDirPath = "";
			projectRoot = "";
			targets = (
				9B725E7B287E8B0D00A3129D /* Facewash */,
				9B725E7F287E8B0D00A3129D /* Facewash WatchKit App */,
				9B725E8A287E8B1100A3129D /* Facewash WatchKit Extension */,
			);
		};
/* End PBXProject section */

/* Begin PBXResourcesBuildPhase section */
		9B725E7A287E8B0D00A3129D /* Resources */ = {
			isa = PBXResourcesBuildPhase;
			buildActionMask = 2147483647;
			files = (
			);
			runOnlyForDeploymentPostprocessing = 0;
		};
		9B725E7E287E8B0D00A3129D /* Resources */ = {
			isa = PBXResourcesBuildPhase;
			buildActionMask = 2147483647;
			files = (
				9B725E86287E8B1100A3129D /* Assets.xcassets in Resources */,
			);
			runOnlyForDeploymentPostprocessing = 0;
		};
		9B725E89287E8B1100A3129D /* Resources */ = {
			isa = PBXResourcesBuildPhase;
			buildActionMask = 2147483647;
			files = (
				9B725E9E287E8B1200A3129D /* Preview Assets.xcassets in Resources */,
				9B725E9B287E8B1200A3129D /* Assets.xcassets in Resources */,
			);
			runOnlyForDeploymentPostprocessing = 0;
		};
/* End PBXResourcesBuildPhase section */

/* Begin PBXSourcesBuildPhase section */
		9B725E87287E8B1100A3129D /* Sources */ = {
			isa = PBXSourcesBuildPhase;
			buildActionMask = 2147483647;
			files = (
				9B725E95287E8B1100A3129D /* NotificationController.swift in Sources */,
				9B725E93287E8B1100A3129D /* ContentView.swift in Sources */,
				9B725E99287E8B1100A3129D /* ComplicationController.swift in Sources */,
				9B725E91287E8B1100A3129D /* FacewashApp.swift in Sources */,
				9B725E97287E8B1100A3129D /* NotificationView.swift in Sources */,
			);
			runOnlyForDeploymentPostprocessing = 0;
		};
/* End PBXSourcesBuildPhase section */

/* Begin PBXTargetDependency section */
		9B725E83287E8B0D00A3129D /* PBXTargetDependency */ = {
			isa = PBXTargetDependency;
			target = 9B725E7F287E8B0D00A3129D /* Facewash WatchKit App */;
			targetProxy = 9B725E82287E8B0D00A3129D /* PBXContainerItemProxy */;
		};
		9B725E8E287E8B1100A3129D /* PBXTargetDependency */ = {
			isa = PBXTargetDependency;
			target = 9B725E8A287E8B1100A3129D /* Facewash WatchKit Extension */;
			targetProxy = 9B725E8D287E8B1100A3129D /* PBXContainerItemProxy */;
		};
/* End PBXTargetDependency section */

/* Begin XCBuildConfiguration section */
		9B725EA1287E8B1200A3129D /* Debug */ = {
			isa = XCBuildConfiguration;
			buildSettings = {
				ALWAYS_SEARCH_USER_PATHS = NO;
				CLANG_ANALYZER_NONNULL = YES;
				CLANG_ANALYZER_NUMBER_OBJECT_CONVERSION = YES_AGGRESSIVE;
				CLANG_CXX_LANGUAGE_STANDARD = "gnu++17";
				CLANG_ENABLE_MODULES = YES;
				CLANG_ENABLE_OBJC_ARC = YES;
				CLANG_ENABLE_OBJC_WEAK = YES;
				CLANG_WARN_BLOCK_CAPTURE_AUTORELEASING = YES;
				CLANG_WARN_BOOL_CONVERSION = YES;
				CLANG_WARN_COMMA = YES;
				CLANG_WARN_CONSTANT_CONVERSION = YES;
				CLANG_WARN_DEPRECATED_OBJC_IMPLEMENTATIONS = YES;
				CLANG_WARN_DIRECT_OBJC_ISA_USAGE = YES_ERROR;
				CLANG_WARN_DOCUMENTATION_COMMENTS = YES;
				CLANG_WARN_EMPTY_BODY = YES;
				CLANG_WARN_ENUM_CONVERSION = YES;
				CLANG_WARN_INFINITE_RECURSION = YES;
				CLANG_WARN_INT_CONVERSION = YES;
				CLANG_WARN_NON_LITERAL_NULL_CONVERSION = YES;
				CLANG_WARN_OBJC_IMPLICIT_RETAIN_SELF = YES;
				CLANG_WARN_OBJC_LITERAL_CONVERSION = YES;
				CLANG_WARN_OBJC_ROOT_CLASS = YES_ERROR;
				CLANG_WARN_QUOTED_INCLUDE_IN_FRAMEWORK_HEADER = YES;
				CLANG_WARN_RANGE_LOOP_ANALYSIS = YES;
				CLANG_WARN_STRICT_PROTOTYPES = YES;
				CLANG_WARN_SUSPICIOUS_MOVE = YES;
				CLANG_WARN_UNGUARDED_AVAILABILITY = YES_AGGRESSIVE;
				CLANG_WARN_UNREACHABLE_CODE = YES;
				CLANG_WARN__DUPLICATE_METHOD_MATCH = YES;
				COPY_PHASE_STRIP = NO;
				DEBUG_INFORMATION_FORMAT = dwarf;
				ENABLE_STRICT_OBJC_MSGSEND = YES;
				ENABLE_TESTABILITY = YES;
				GCC_C_LANGUAGE_STANDARD = gnu11;
				GCC_DYNAMIC_NO_PIC = NO;
				GCC_NO_COMMON_BLOCKS = YES;
				GCC_OPTIMIZATION_LEVEL = 0;
				GCC_PREPROCESSOR_DEFINITIONS = (
					"DEBUG=1",
					"$(inherited)",
				);
				GCC_WARN_64_TO_32_BIT_CONVERSION = YES;
				GCC_WARN_ABOUT_RETURN_TYPE = YES_ERROR;
				GCC_WARN_UNDECLARED_SELECTOR = YES;
				GCC_WARN_UNINITIALIZED_AUTOS = YES_AGGRESSIVE;
				GCC_WARN_UNUSED_FUNCTION = YES;
				GCC_WARN_UNUSED_VARIABLE = YES;
				MTL_ENABLE_DEBUG_INFO = INCLUDE_SOURCE;
				MTL_FAST_MATH = YES;
				ONLY_ACTIVE_ARCH = YES;
				SDKROOT = iphoneos;
				SWIFT_ACTIVE_COMPILATION_CONDITIONS = DEBUG;
				SWIFT_OPTIMIZATION_LEVEL = "-Onone";
			};
			name = Debug;
		};
		9B725EA2287E8B1200A3129D /* Release */ = {
			isa = XCBuildConfiguration;
			buildSettings = {
				ALWAYS_SEARCH_USER_PATHS = NO;
				CLANG_ANALYZER_NONNULL = YES;
				CLANG_ANALYZER_NUMBER_OBJECT_CONVERSION = YES_AGGRESSIVE;
				CLANG_CXX_LANGUAGE_STANDARD = "gnu++17";
				CLANG_ENABLE_MODULES = YES;
				CLANG_ENABLE_OBJC_ARC = YES;
				CLANG_ENABLE_OBJC_WEAK = YES;
				CLANG_WARN_BLOCK_CAPTURE_AUTORELEASING = YES;
				CLANG_WARN_BOOL_CONVERSION = YES;
				CLANG_WARN_COMMA = YES;
				CLANG_WARN_CONSTANT_CONVERSION = YES;
				CLANG_WARN_DEPRECATED_OBJC_IMPLEMENTATIONS = YES;
				CLANG_WARN_DIRECT_OBJC_ISA_USAGE = YES_ERROR;
				CLANG_WARN_DOCUMENTATION_COMMENTS = YES;
				CLANG_WARN_EMPTY_BODY = YES;
				CLANG_WARN_ENUM_CONVERSION = YES;
				CLANG_WARN_INFINITE_RECURSION = YES;
				CLANG_WARN_INT_CONVERSION = YES;
				CLANG_WARN_NON_LITERAL_NULL_CONVERSION = YES;
				CLANG_WARN_OBJC_IMPLICIT_RETAIN_SELF = YES;
				CLANG_WARN_OBJC_LITERAL_CONVERSION = YES;
				CLANG_WARN_OBJC_ROOT_CLASS = YES_ERROR;
				CLANG_WARN_QUOTED_INCLUDE_IN_FRAMEWORK_HEADER = YES;
				CLANG_WARN_RANGE_LOOP_ANALYSIS = YES;
				CLANG_WARN_STRICT_PROTOTYPES = YES;
				CLANG_WARN_SUSPICIOUS_MOVE = YES;
				CLANG_WARN_UNGUARDED_AVAILABILITY = YES_AGGRESSIVE;
				CLANG_WARN_UNREACHABLE_CODE = YES;
				CLANG_WARN__DUPLICATE_METHOD_MATCH = YES;
				COPY_PHASE_STRIP = NO;
				DEBUG_INFORMATION_FORMAT = "dwarf-with-dsym";
				ENABLE_NS_ASSERTIONS = NO;
				ENABLE_STRICT_OBJC_MSGSEND = YES;
				GCC_C_LANGUAGE_STANDARD = gnu11;
				GCC_NO_COMMON_BLOCKS = YES;
				GCC_WARN_64_TO_32_BIT_CONVERSION = YES;
				GCC_WARN_ABOUT_RETURN_TYPE = YES_ERROR;
				GCC_WARN_UNDECLARED_SELECTOR = YES;
				GCC_WARN_UNINITIALIZED_AUTOS = YES_AGGRESSIVE;
				GCC_WARN_UNUSED_FUNCTION = YES;
				GCC_WARN_UNUSED_VARIABLE = YES;
				MTL_ENABLE_DEBUG_INFO = NO;
				MTL_FAST_MATH = YES;
				SDKROOT = iphoneos;
				SWIFT_COMPILATION_MODE = wholemodule;
				SWIFT_OPTIMIZATION_LEVEL = "-O";
				VALIDATE_PRODUCT = YES;
			};
			name = Release;
		};
		9B725EA4287E8B1200A3129D /* Debug */ = {
			isa = XCBuildConfiguration;
			buildSettings = {
				ASSETCATALOG_COMPILER_COMPLICATION_NAME = Complication;
				CODE_SIGN_STYLE = Automatic;
				CURRENT_PROJECT_VERSION = 1;
				DEVELOPMENT_ASSET_PATHS = "\"Facewash WatchKit Extension/Preview Content\"";
				DEVELOPMENT_TEAM = DZ5KY3PP54;
				ENABLE_PREVIEWS = YES;
				GENERATE_INFOPLIST_FILE = YES;
				INFOPLIST_FILE = "Facewash WatchKit Extension/Info.plist";
				INFOPLIST_KEY_CFBundleDisplayName = "Facewash WatchKit Extension";
				INFOPLIST_KEY_CLKComplicationPrincipalClass = "$(PRODUCT_MODULE_NAME).ComplicationController";
				INFOPLIST_KEY_NSHumanReadableCopyright = "";
				INFOPLIST_KEY_WKWatchOnly = YES;
				LD_RUNPATH_SEARCH_PATHS = (
					"$(inherited)",
					"@executable_path/Frameworks",
					"@executable_path/../../Frameworks",
				);
				MARKETING_VERSION = 1.0;
				PRODUCT_BUNDLE_IDENTIFIER = "-.Facewash.watchkitapp.watchkitextension";
				PRODUCT_NAME = "${TARGET_NAME}";
				SDKROOT = watchos;
				SKIP_INSTALL = YES;
				SWIFT_EMIT_LOC_STRINGS = YES;
				SWIFT_VERSION = 5.0;
				TARGETED_DEVICE_FAMILY = 4;
				WATCHOS_DEPLOYMENT_TARGET = 8.5;
			};
			name = Debug;
		};
		9B725EA5287E8B1200A3129D /* Release */ = {
			isa = XCBuildConfiguration;
			buildSettings = {
				ASSETCATALOG_COMPILER_COMPLICATION_NAME = Complication;
				CODE_SIGN_STYLE = Automatic;
				CURRENT_PROJECT_VERSION = 1;
				DEVELOPMENT_ASSET_PATHS = "\"Facewash WatchKit Extension/Preview Content\"";
				DEVELOPMENT_TEAM = DZ5KY3PP54;
				ENABLE_PREVIEWS = YES;
				GENERATE_INFOPLIST_FILE = YES;
				INFOPLIST_FILE = "Facewash WatchKit Extension/Info.plist";
				INFOPLIST_KEY_CFBundleDisplayName = "Facewash WatchKit Extension";
				INFOPLIST_KEY_CLKComplicationPrincipalClass = "$(PRODUCT_MODULE_NAME).ComplicationController";
				INFOPLIST_KEY_NSHumanReadableCopyright = "";
				INFOPLIST_KEY_WKWatchOnly = YES;
				LD_RUNPATH_SEARCH_PATHS = (
					"$(inherited)",
					"@executable_path/Frameworks",
					"@executable_path/../../Frameworks",
				);
				MARKETING_VERSION = 1.0;
				PRODUCT_BUNDLE_IDENTIFIER = "-.Facewash.watchkitapp.watchkitextension";
				PRODUCT_NAME = "${TARGET_NAME}";
				SDKROOT = watchos;
				SKIP_INSTALL = YES;
				SWIFT_EMIT_LOC_STRINGS = YES;
				SWIFT_VERSION = 5.0;
				TARGETED_DEVICE_FAMILY = 4;
				WATCHOS_DEPLOYMENT_TARGET = 8.5;
			};
			name = Release;
		};
		9B725EA8287E8B1200A3129D /* Debug */ = {
			isa = XCBuildConfiguration;
			buildSettings = {
				ALWAYS_EMBED_SWIFT_STANDARD_LIBRARIES = YES;
				ASSETCATALOG_COMPILER_APPICON_NAME = AppIcon;
				ASSETCATALOG_COMPILER_GLOBAL_ACCENT_COLOR_NAME = AccentColor;
				CODE_SIGN_STYLE = Automatic;
				CURRENT_PROJECT_VERSION = 1;
				DEVELOPMENT_TEAM = DZ5KY3PP54;
				GENERATE_INFOPLIST_FILE = YES;
				IBSC_MODULE = Facewash_WatchKit_Extension;
				INFOPLIST_KEY_CFBundleDisplayName = "Facewash WatchKit App";
				INFOPLIST_KEY_UISupportedInterfaceOrientations = "UIInterfaceOrientationPortrait UIInterfaceOrientationPortraitUpsideDown";
				MARKETING_VERSION = 1.0;
				PRODUCT_BUNDLE_IDENTIFIER = "-.Facewash.watchkitapp";
				PRODUCT_NAME = "$(TARGET_NAME)";
				SDKROOT = watchos;
				SKIP_INSTALL = YES;
				SWIFT_EMIT_LOC_STRINGS = YES;
				SWIFT_VERSION = 5.0;
				TARGETED_DEVICE_FAMILY = 4;
				WATCHOS_DEPLOYMENT_TARGET = 8.5;
			};
			name = Debug;
		};
		9B725EA9287E8B1200A3129D /* Release */ = {
			isa = XCBuildConfiguration;
			buildSettings = {
				ALWAYS_EMBED_SWIFT_STANDARD_LIBRARIES = YES;
				ASSETCATALOG_COMPILER_APPICON_NAME = AppIcon;
				ASSETCATALOG_COMPILER_GLOBAL_ACCENT_COLOR_NAME = AccentColor;
				CODE_SIGN_STYLE = Automatic;
				CURRENT_PROJECT_VERSION = 1;
				DEVELOPMENT_TEAM = DZ5KY3PP54;
				GENERATE_INFOPLIST_FILE = YES;
				IBSC_MODULE = Facewash_WatchKit_Extension;
				INFOPLIST_KEY_CFBundleDisplayName = "Facewash WatchKit App";
				INFOPLIST_KEY_UISupportedInterfaceOrientations = "UIInterfaceOrientationPortrait UIInterfaceOrientationPortraitUpsideDown";
				MARKETING_VERSION = 1.0;
				PRODUCT_BUNDLE_IDENTIFIER = "-.Facewash.watchkitapp";
				PRODUCT_NAME = "$(TARGET_NAME)";
				SDKROOT = watchos;
				SKIP_INSTALL = YES;
				SWIFT_EMIT_LOC_STRINGS = YES;
				SWIFT_VERSION = 5.0;
				TARGETED_DEVICE_FAMILY = 4;
				WATCHOS_DEPLOYMENT_TARGET = 8.5;
			};
			name = Release;
		};
		9B725EAC287E8B1200A3129D /* Debug */ = {
			isa = XCBuildConfiguration;
			buildSettings = {
				CODE_SIGN_STYLE = Automatic;
				CURRENT_PROJECT_VERSION = 1;
				DEVELOPMENT_TEAM = DZ5KY3PP54;
				MARKETING_VERSION = 1.0;
				PRODUCT_BUNDLE_IDENTIFIER = "-.Facewash";
				PRODUCT_NAME = "$(TARGET_NAME)";
				SWIFT_VERSION = 5.0;
			};
			name = Debug;
		};
		9B725EAD287E8B1200A3129D /* Release */ = {
			isa = XCBuildConfiguration;
			buildSettings = {
				CODE_SIGN_STYLE = Automatic;
				CURRENT_PROJECT_VERSION = 1;
				DEVELOPMENT_TEAM = DZ5KY3PP54;
				MARKETING_VERSION = 1.0;
				PRODUCT_BUNDLE_IDENTIFIER = "-.Facewash";
				PRODUCT_NAME = "$(TARGET_NAME)";
				SWIFT_VERSION = 5.0;
			};
			name = Release;
		};
/* End XCBuildConfiguration section */

/* Begin XCConfigurationList section */
		9B725E79287E8B0D00A3129D /* Build configuration list for PBXProject "Facewash" */ = {
			isa = XCConfigurationList;
			buildConfigurations = (
				9B725EA1287E8B1200A3129D /* Debug */,
				9B725EA2287E8B1200A3129D /* Release */,
			);
			defaultConfigurationIsVisible = 0;
			defaultConfigurationName = Release;
		};
		9B725EA3287E8B1200A3129D /* Build configuration list for PBXNativeTarget "Facewash WatchKit Extension" */ = {
			isa = XCConfigurationList;
			buildConfigurations = (
				9B725EA4287E8B1200A3129D /* Debug */,
				9B725EA5287E8B1200A3129D /* Release */,
			);
			defaultConfigurationIsVisible = 0;
			defaultConfigurationName = Release;
		};
		9B725EA7287E8B1200A3129D /* Build configuration list for PBXNativeTarget "Facewash WatchKit App" */ = {
			isa = XCConfigurationList;
			buildConfigurations = (
				9B725EA8287E8B1200A3129D /* Debug */,
				9B725EA9287E8B1200A3129D /* Release */,
			);
			defaultConfigurationIsVisible = 0;
			defaultConfigurationName = Release;
		};
		9B725EAB287E8B1200A3129D /* Build configuration list for PBXNativeTarget "Facewash" */ = {
			isa = XCConfigurationList;
			buildConfigurations = (
				9B725EAC287E8B1200A3129D /* Debug */,
				9B725EAD287E8B1200A3129D /* Release */,
			);
			defaultConfigurationIsVisible = 0;
			defaultConfigurationName = Release;
		};
/* End XCConfigurationList section */
	};
	rootObject = 9B725E76287E8B0D00A3129D /* Project object */;
}
